
Microsoft Visual Studio Solution File, Format Version 12.00
# Visual Studio 15
VisualStudioVersion = 15.0.26430.16
MinimumVisualStudioVersion = 10.0.40219.1
Project("{FAE04EC0-301F-11D3-BF4B-00C04F79EFBC}") = "StudentAppFirebase.Android", "StudentAppFirebase\StudentAppFirebase.Android\StudentAppFirebase.Android.csproj", "{9CB241F6-F72E-4F82-A1B3-144945CC69FE}"
EndProject
Project("{FAE04EC0-301F-11D3-BF4B-00C04F79EFBC}") = "StudentAppFirebase", "StudentAppFirebase\StudentAppFirebase\StudentAppFirebase.csproj", "{7A7C5AEF-51BA-4420-BDDD-C3CFB41BA352}"
EndProject
Project("{FAE04EC0-301F-11D3-BF4B-00C04F79EFBC}") = "StudentAppFirebase.UWP", "StudentAppFirebase\StudentAppFirebase.UWP\StudentAppFirebase.UWP.csproj", "{5875C57A-F045-4F09-B45B-92AFB167E6EC}"
EndProject
Project("{FAE04EC0-301F-11D3-BF4B-00C04F79EFBC}") = "StudentAppFirebase.iOS", "StudentAppFirebase\StudentAppFirebase.iOS\StudentAppFirebase.iOS.csproj", "{45BFFCC2-09CA-4BA7-A667-6725C2CDE474}"
EndProject
Global
	GlobalSection(SolutionConfigurationPlatforms) = preSolution
		Ad-Hoc|Any CPU = Ad-Hoc|Any CPU
		Ad-Hoc|ARM = Ad-Hoc|ARM
		Ad-Hoc|iPhone = Ad-Hoc|iPhone
		Ad-Hoc|iPhoneSimulator = Ad-Hoc|iPhoneSimulator
		Ad-Hoc|x64 = Ad-Hoc|x64
		Ad-Hoc|x86 = Ad-Hoc|x86
		AppStore|Any CPU = AppStore|Any CPU
		AppStore|ARM = AppStore|ARM
		AppStore|iPhone = AppStore|iPhone
		AppStore|iPhoneSimulator = AppStore|iPhoneSimulator
		AppStore|x64 = AppStore|x64
		AppStore|x86 = AppStore|x86
		Debug|Any CPU = Debug|Any CPU
		Debug|ARM = Debug|ARM
		Debug|iPhone = Debug|iPhone
		Debug|iPhoneSimulator = Debug|iPhoneSimulator
		Debug|x64 = Debug|x64
		Debug|x86 = Debug|x86
		Release|Any CPU = Release|Any CPU
		Release|ARM = Release|ARM
		Release|iPhone = Release|iPhone
		Release|iPhoneSimulator = Release|iPhoneSimulator
		Release|x64 = Release|x64
		Release|x86 = Release|x86
	EndGlobalSection
	GlobalSection(ProjectConfigurationPlatforms) = postSolution
		{9CB241F6-F72E-4F82-A1B3-144945CC69FE}.Ad-Hoc|Any CPU.ActiveCfg = Release|Any CPU
		{9CB241F6-F72E-4F82-A1B3-144945CC69FE}.Ad-Hoc|Any CPU.Build.0 = Release|Any CPU
		{9CB241F6-F72E-4F82-A1B3-144945CC69FE}.Ad-Hoc|Any CPU.Deploy.0 = Release|Any CPU
		{9CB241F6-F72E-4F82-A1B3-144945CC69FE}.Ad-Hoc|ARM.ActiveCfg = Release|Any CPU
		{9CB241F6-F72E-4F82-A1B3-144945CC69FE}.Ad-Hoc|ARM.Build.0 = Release|Any CPU
		{9CB241F6-F72E-4F82-A1B3-144945CC69FE}.Ad-Hoc|ARM.Deploy.0 = Release|Any CPU
		{9CB241F6-F72E-4F82-A1B3-144945CC69FE}.Ad-Hoc|iPhone.ActiveCfg = Release|Any CPU
		{9CB241F6-F72E-4F82-A1B3-144945CC69FE}.Ad-Hoc|iPhone.Build.0 = Release|Any CPU
		{9CB241F6-F72E-4F82-A1B3-144945CC69FE}.Ad-Hoc|iPhone.Deploy.0 = Release|Any CPU
		{9CB241F6-F72E-4F82-A1B3-144945CC69FE}.Ad-Hoc|iPhoneSimulator.ActiveCfg = Release|Any CPU
		{9CB241F6-F72E-4F82-A1B3-144945CC69FE}.Ad-Hoc|iPhoneSimulator.Build.0 = Release|Any CPU
		{9CB241F6-F72E-4F82-A1B3-144945CC69FE}.Ad-Hoc|iPhoneSimulator.Deploy.0 = Release|Any CPU
		{9CB241F6-F72E-4F82-A1B3-144945CC69FE}.Ad-Hoc|x64.ActiveCfg = Release|Any CPU
		{9CB241F6-F72E-4F82-A1B3-144945CC69FE}.Ad-Hoc|x64.Build.0 = Release|Any CPU
		{9CB241F6-F72E-4F82-A1B3-144945CC69FE}.Ad-Hoc|x64.Deploy.0 = Release|Any CPU
		{9CB241F6-F72E-4F82-A1B3-144945CC69FE}.Ad-Hoc|x86.ActiveCfg = Release|Any CPU
		{9CB241F6-F72E-4F82-A1B3-144945CC69FE}.Ad-Hoc|x86.Build.0 = Release|Any CPU
		{9CB241F6-F72E-4F82-A1B3-144945CC69FE}.Ad-Hoc|x86.Deploy.0 = Release|Any CPU
		{9CB241F6-F72E-4F82-A1B3-144945CC69FE}.AppStore|Any CPU.ActiveCfg = Release|Any CPU
		{9CB241F6-F72E-4F82-A1B3-144945CC69FE}.AppStore|Any CPU.Build.0 = Release|Any CPU
		{9CB241F6-F72E-4F82-A1B3-144945CC69FE}.AppStore|Any CPU.Deploy.0 = Release|Any CPU
		{9CB241F6-F72E-4F82-A1B3-144945CC69FE}.AppStore|ARM.ActiveCfg = Release|Any CPU
		{9CB241F6-F72E-4F82-A1B3-144945CC69FE}.AppStore|ARM.Build.0 = Release|Any CPU
		{9CB241F6-F72E-4F82-A1B3-144945CC69FE}.AppStore|ARM.Deploy.0 = Release|Any CPU
		{9CB241F6-F72E-4F82-A1B3-144945CC69FE}.AppStore|iPhone.ActiveCfg = Release|Any CPU
		{9CB241F6-F72E-4F82-A1B3-144945CC69FE}.AppStore|iPhone.Build.0 = Release|Any CPU
		{9CB241F6-F72E-4F82-A1B3-144945CC69FE}.AppStore|iPhone.Deploy.0 = Release|Any CPU
		{9CB241F6-F72E-4F82-A1B3-144945CC69FE}.AppStore|iPhoneSimulator.ActiveCfg = Release|Any CPU
		{9CB241F6-F72E-4F82-A1B3-144945CC69FE}.AppStore|iPhoneSimulator.Build.0 = Release|Any CPU
		{9CB241F6-F72E-4F82-A1B3-144945CC69FE}.AppStore|iPhoneSimulator.Deploy.0 = Release|Any CPU
		{9CB241F6-F72E-4F82-A1B3-144945CC69FE}.AppStore|x64.ActiveCfg = Release|Any CPU
		{9CB241F6-F72E-4F82-A1B3-144945CC69FE}.AppStore|x64.Build.0 = Release|Any CPU
		{9CB241F6-F72E-4F82-A1B3-144945CC69FE}.AppStore|x64.Deploy.0 = Release|Any CPU
		{9CB241F6-F72E-4F82-A1B3-144945CC69FE}.AppStore|x86.ActiveCfg = Release|Any CPU
		{9CB241F6-F72E-4F82-A1B3-144945CC69FE}.AppStore|x86.Build.0 = Release|Any CPU
		{9CB241F6-F72E-4F82-A1B3-144945CC69FE}.AppStore|x86.Deploy.0 = Release|Any CPU
		{9CB241F6-F72E-4F82-A1B3-144945CC69FE}.Debug|Any CPU.ActiveCfg = Debug|Any CPU
		{9CB241F6-F72E-4F82-A1B3-144945CC69FE}.Debug|Any CPU.Build.0 = Debug|Any CPU
		{9CB241F6-F72E-4F82-A1B3-144945CC69FE}.Debug|Any CPU.Deploy.0 = Debug|Any CPU
		{9CB241F6-F72E-4F82-A1B3-144945CC69FE}.Debug|ARM.ActiveCfg = Debug|Any CPU
		{9CB241F6-F72E-4F82-A1B3-144945CC69FE}.Debug|ARM.Build.0 = Debug|Any CPU
		{9CB241F6-F72E-4F82-A1B3-144945CC69FE}.Debug|ARM.Deploy.0 = Debug|Any CPU
		{9CB241F6-F72E-4F82-A1B3-144945CC69FE}.Debug|iPhone.ActiveCfg = Debug|Any CPU
		{9CB241F6-F72E-4F82-A1B3-144945CC69FE}.Debug|iPhone.Build.0 = Debug|Any CPU
		{9CB241F6-F72E-4F82-A1B3-144945CC69FE}.Debug|iPhone.Deploy.0 = Debug|Any CPU
		{9CB241F6-F72E-4F82-A1B3-144945CC69FE}.Debug|iPhoneSimulator.ActiveCfg = Debug|Any CPU
		{9CB241F6-F72E-4F82-A1B3-144945CC69FE}.Debug|iPhoneSimulator.Build.0 = Debug|Any CPU
		{9CB241F6-F72E-4F82-A1B3-144945CC69FE}.Debug|iPhoneSimulator.Deploy.0 = Debug|Any CPU
		{9CB241F6-F72E-4F82-A1B3-144945CC69FE}.Debug|x64.ActiveCfg = Debug|Any CPU
		{9CB241F6-F72E-4F82-A1B3-144945CC69FE}.Debug|x64.Build.0 = Debug|Any CPU
		{9CB241F6-F72E-4F82-A1B3-144945CC69FE}.Debug|x64.Deploy.0 = Debug|Any CPU
		{9CB241F6-F72E-4F82-A1B3-144945CC69FE}.Debug|x86.ActiveCfg = Debug|Any CPU
		{9CB241F6-F72E-4F82-A1B3-144945CC69FE}.Debug|x86.Build.0 = Debug|Any CPU
		{9CB241F6-F72E-4F82-A1B3-144945CC69FE}.Debug|x86.Deploy.0 = Debug|Any CPU
		{9CB241F6-F72E-4F82-A1B3-144945CC69FE}.Release|Any CPU.ActiveCfg = Release|Any CPU
		{9CB241F6-F72E-4F82-A1B3-144945CC69FE}.Release|Any CPU.Build.0 = Release|Any CPU
		{9CB241F6-F72E-4F82-A1B3-144945CC69FE}.Release|Any CPU.Deploy.0 = Release|Any CPU
		{9CB241F6-F72E-4F82-A1B3-144945CC69FE}.Release|ARM.ActiveCfg = Release|Any CPU
		{9CB241F6-F72E-4F82-A1B3-144945CC69FE}.Release|ARM.Build.0 = Release|Any CPU
		{9CB241F6-F72E-4F82-A1B3-144945CC69FE}.Release|ARM.Deploy.0 = Release|Any CPU
		{9CB241F6-F72E-4F82-A1B3-144945CC69FE}.Release|iPhone.ActiveCfg = Release|Any CPU
		{9CB241F6-F72E-4F82-A1B3-144945CC69FE}.Release|iPhone.Build.0 = Release|Any CPU
		{9CB241F6-F72E-4F82-A1B3-144945CC69FE}.Release|iPhone.Deploy.0 = Release|Any CPU
		{9CB241F6-F72E-4F82-A1B3-144945CC69FE}.Release|iPhoneSimulator.ActiveCfg = Release|Any CPU
		{9CB241F6-F72E-4F82-A1B3-144945CC69FE}.Release|iPhoneSimulator.Build.0 = Release|Any CPU
		{9CB241F6-F72E-4F82-A1B3-144945CC69FE}.Release|iPhoneSimulator.Deploy.0 = Release|Any CPU
		{9CB241F6-F72E-4F82-A1B3-144945CC69FE}.Release|x64.ActiveCfg = Release|Any CPU
		{9CB241F6-F72E-4F82-A1B3-144945CC69FE}.Release|x64.Build.0 = Release|Any CPU
		{9CB241F6-F72E-4F82-A1B3-144945CC69FE}.Release|x64.Deploy.0 = Release|Any CPU
		{9CB241F6-F72E-4F82-A1B3-144945CC69FE}.Release|x86.ActiveCfg = Release|Any CPU
		{9CB241F6-F72E-4F82-A1B3-144945CC69FE}.Release|x86.Build.0 = Release|Any CPU
		{9CB241F6-F72E-4F82-A1B3-144945CC69FE}.Release|x86.Deploy.0 = Release|Any CPU
		{7A7C5AEF-51BA-4420-BDDD-C3CFB41BA352}.Ad-Hoc|Any CPU.ActiveCfg = Release|Any CPU
		{7A7C5AEF-51BA-4420-BDDD-C3CFB41BA352}.Ad-Hoc|Any CPU.Build.0 = Release|Any CPU
		{7A7C5AEF-51BA-4420-BDDD-C3CFB41BA352}.Ad-Hoc|ARM.ActiveCfg = Release|Any CPU
		{7A7C5AEF-51BA-4420-BDDD-C3CFB41BA352}.Ad-Hoc|ARM.Build.0 = Release|Any CPU
		{7A7C5AEF-51BA-4420-BDDD-C3CFB41BA352}.Ad-Hoc|iPhone.ActiveCfg = Release|Any CPU
		{7A7C5AEF-51BA-4420-BDDD-C3CFB41BA352}.Ad-Hoc|iPhone.Build.0 = Release|Any CPU
		{7A7C5AEF-51BA-4420-BDDD-C3CFB41BA352}.Ad-Hoc|iPhoneSimulator.ActiveCfg = Release|Any CPU
		{7A7C5AEF-51BA-4420-BDDD-C3CFB41BA352}.Ad-Hoc|iPhoneSimulator.Build.0 = Release|Any CPU
		{7A7C5AEF-51BA-4420-BDDD-C3CFB41BA352}.Ad-Hoc|x64.ActiveCfg = Release|Any CPU
		{7A7C5AEF-51BA-4420-BDDD-C3CFB41BA352}.Ad-Hoc|x64.Build.0 = Release|Any CPU
		{7A7C5AEF-51BA-4420-BDDD-C3CFB41BA352}.Ad-Hoc|x86.ActiveCfg = Release|Any CPU
		{7A7C5AEF-51BA-4420-BDDD-C3CFB41BA352}.Ad-Hoc|x86.Build.0 = Release|Any CPU
		{7A7C5AEF-51BA-4420-BDDD-C3CFB41BA352}.AppStore|Any CPU.ActiveCfg = Release|Any CPU
		{7A7C5AEF-51BA-4420-BDDD-C3CFB41BA352}.AppStore|Any CPU.Build.0 = Release|Any CPU
		{7A7C5AEF-51BA-4420-BDDD-C3CFB41BA352}.AppStore|ARM.ActiveCfg = Release|Any CPU
		{7A7C5AEF-51BA-4420-BDDD-C3CFB41BA352}.AppStore|ARM.Build.0 = Release|Any CPU
		{7A7C5AEF-51BA-4420-BDDD-C3CFB41BA352}.AppStore|iPhone.ActiveCfg = Release|Any CPU
		{7A7C5AEF-51BA-4420-BDDD-C3CFB41BA352}.AppStore|iPhone.Build.0 = Release|Any CPU
		{7A7C5AEF-51BA-4420-BDDD-C3CFB41BA352}.AppStore|iPhoneSimulator.ActiveCfg = Release|Any CPU
		{7A7C5AEF-51BA-4420-BDDD-C3CFB41BA352}.AppStore|iPhoneSimulator.Build.0 = Release|Any CPU
		{7A7C5AEF-51BA-4420-BDDD-C3CFB41BA352}.AppStore|x64.ActiveCfg = Release|Any CPU
		{7A7C5AEF-51BA-4420-BDDD-C3CFB41BA352}.AppStore|x64.Build.0 = Release|Any CPU
		{7A7C5AEF-51BA-4420-BDDD-C3CFB41BA352}.AppStore|x86.ActiveCfg = Release|Any CPU
		{7A7C5AEF-51BA-4420-BDDD-C3CFB41BA352}.AppStore|x86.Build.0 = Release|Any CPU
		{7A7C5AEF-51BA-4420-BDDD-C3CFB41BA352}.Debug|Any CPU.ActiveCfg = Debug|Any CPU
		{7A7C5AEF-51BA-4420-BDDD-C3CFB41BA352}.Debug|Any CPU.Build.0 = Debug|Any CPU
		{7A7C5AEF-51BA-4420-BDDD-C3CFB41BA352}.Debug|ARM.ActiveCfg = Debug|Any CPU
		{7A7C5AEF-51BA-4420-BDDD-C3CFB41BA352}.Debug|ARM.Build.0 = Debug|Any CPU
		{7A7C5AEF-51BA-4420-BDDD-C3CFB41BA352}.Debug|iPhone.ActiveCfg = Debug|Any CPU
		{7A7C5AEF-51BA-4420-BDDD-C3CFB41BA352}.Debug|iPhone.Build.0 = Debug|Any CPU
		{7A7C5AEF-51BA-4420-BDDD-C3CFB41BA352}.Debug|iPhoneSimulator.ActiveCfg = Debug|Any CPU
		{7A7C5AEF-51BA-4420-BDDD-C3CFB41BA352}.Debug|iPhoneSimulator.Build.0 = Debug|Any CPU
		{7A7C5AEF-51BA-4420-BDDD-C3CFB41BA352}.Debug|x64.ActiveCfg = Debug|Any CPU
		{7A7C5AEF-51BA-4420-BDDD-C3CFB41BA352}.Debug|x64.Build.0 = Debug|Any CPU
		{7A7C5AEF-51BA-4420-BDDD-C3CFB41BA352}.Debug|x86.ActiveCfg = Debug|Any CPU
		{7A7C5AEF-51BA-4420-BDDD-C3CFB41BA352}.Debug|x86.Build.0 = Debug|Any CPU
		{7A7C5AEF-51BA-4420-BDDD-C3CFB41BA352}.Release|Any CPU.ActiveCfg = Release|Any CPU
		{7A7C5AEF-51BA-4420-BDDD-C3CFB41BA352}.Release|Any CPU.Build.0 = Release|Any CPU
		{7A7C5AEF-51BA-4420-BDDD-C3CFB41BA352}.Release|ARM.ActiveCfg = Release|Any CPU
		{7A7C5AEF-51BA-4420-BDDD-C3CFB41BA352}.Release|ARM.Build.0 = Release|Any CPU
		{7A7C5AEF-51BA-4420-BDDD-C3CFB41BA352}.Release|iPhone.ActiveCfg = Release|Any CPU
		{7A7C5AEF-51BA-4420-BDDD-C3CFB41BA352}.Release|iPhone.Build.0 = Release|Any CPU
		{7A7C5AEF-51BA-4420-BDDD-C3CFB41BA352}.Release|iPhoneSimulator.ActiveCfg = Release|Any CPU
		{7A7C5AEF-51BA-4420-BDDD-C3CFB41BA352}.Release|iPhoneSimulator.Build.0 = Release|Any CPU
		{7A7C5AEF-51BA-4420-BDDD-C3CFB41BA352}.Release|x64.ActiveCfg = Release|Any CPU
		{7A7C5AEF-51BA-4420-BDDD-C3CFB41BA352}.Release|x64.Build.0 = Release|Any CPU
		{7A7C5AEF-51BA-4420-BDDD-C3CFB41BA352}.Release|x86.ActiveCfg = Release|Any CPU
		{7A7C5AEF-51BA-4420-BDDD-C3CFB41BA352}.Release|x86.Build.0 = Release|Any CPU
		{5875C57A-F045-4F09-B45B-92AFB167E6EC}.Ad-Hoc|Any CPU.ActiveCfg = Release|x86
		{5875C57A-F045-4F09-B45B-92AFB167E6EC}.Ad-Hoc|Any CPU.Build.0 = Release|x86
		{5875C57A-F045-4F09-B45B-92AFB167E6EC}.Ad-Hoc|Any CPU.Deploy.0 = Release|x86
		{5875C57A-F045-4F09-B45B-92AFB167E6EC}.Ad-Hoc|ARM.ActiveCfg = Release|ARM
		{5875C57A-F045-4F09-B45B-92AFB167E6EC}.Ad-Hoc|ARM.Build.0 = Release|ARM
		{5875C57A-F045-4F09-B45B-92AFB167E6EC}.Ad-Hoc|ARM.Deploy.0 = Release|ARM
		{5875C57A-F045-4F09-B45B-92AFB167E6EC}.Ad-Hoc|iPhone.ActiveCfg = Release|x86
		{5875C57A-F045-4F09-B45B-92AFB167E6EC}.Ad-Hoc|iPhone.Build.0 = Release|x86
		{5875C57A-F045-4F09-B45B-92AFB167E6EC}.Ad-Hoc|iPhone.Deploy.0 = Release|x86
		{5875C57A-F045-4F09-B45B-92AFB167E6EC}.Ad-Hoc|iPhoneSimulator.ActiveCfg = Release|x86
		{5875C57A-F045-4F09-B45B-92AFB167E6EC}.Ad-Hoc|iPhoneSimulator.Build.0 = Release|x86
		{5875C57A-F045-4F09-B45B-92AFB167E6EC}.Ad-Hoc|iPhoneSimulator.Deploy.0 = Release|x86
		{5875C57A-F045-4F09-B45B-92AFB167E6EC}.Ad-Hoc|x64.ActiveCfg = Release|x64
		{5875C57A-F045-4F09-B45B-92AFB167E6EC}.Ad-Hoc|x64.Build.0 = Release|x64
		{5875C57A-F045-4F09-B45B-92AFB167E6EC}.Ad-Hoc|x64.Deploy.0 = Release|x64
		{5875C57A-F045-4F09-B45B-92AFB167E6EC}.Ad-Hoc|x86.ActiveCfg = Release|x86
		{5875C57A-F045-4F09-B45B-92AFB167E6EC}.Ad-Hoc|x86.Build.0 = Release|x86
		{5875C57A-F045-4F09-B45B-92AFB167E6EC}.Ad-Hoc|x86.Deploy.0 = Release|x86
		{5875C57A-F045-4F09-B45B-92AFB167E6EC}.AppStore|Any CPU.ActiveCfg = Release|x86
		{5875C57A-F045-4F09-B45B-92AFB167E6EC}.AppStore|Any CPU.Build.0 = Release|x86
		{5875C57A-F045-4F09-B45B-92AFB167E6EC}.AppStore|Any CPU.Deploy.0 = Release|x86
		{5875C57A-F045-4F09-B45B-92AFB167E6EC}.AppStore|ARM.ActiveCfg = Release|ARM
		{5875C57A-F045-4F09-B45B-92AFB167E6EC}.AppStore|ARM.Build.0 = Release|ARM
		{5875C57A-F045-4F09-B45B-92AFB167E6EC}.AppStore|ARM.Deploy.0 = Release|ARM
		{5875C57A-F045-4F09-B45B-92AFB167E6EC}.AppStore|iPhone.ActiveCfg = Release|x86
		{5875C57A-F045-4F09-B45B-92AFB167E6EC}.AppStore|iPhone.Build.0 = Release|x86
		{5875C57A-F045-4F09-B45B-92AFB167E6EC}.AppStore|iPhone.Deploy.0 = Release|x86
		{5875C57A-F045-4F09-B45B-92AFB167E6EC}.AppStore|iPhoneSimulator.ActiveCfg = Release|x86
		{5875C57A-F045-4F09-B45B-92AFB167E6EC}.AppStore|iPhoneSimulator.Build.0 = Release|x86
		{5875C57A-F045-4F09-B45B-92AFB167E6EC}.AppStore|iPhoneSimulator.Deploy.0 = Release|x86
		{5875C57A-F045-4F09-B45B-92AFB167E6EC}.AppStore|x64.ActiveCfg = Release|x64
		{5875C57A-F045-4F09-B45B-92AFB167E6EC}.AppStore|x64.Build.0 = Release|x64
		{5875C57A-F045-4F09-B45B-92AFB167E6EC}.AppStore|x64.Deploy.0 = Release|x64
		{5875C57A-F045-4F09-B45B-92AFB167E6EC}.AppStore|x86.ActiveCfg = Release|x86
		{5875C57A-F045-4F09-B45B-92AFB167E6EC}.AppStore|x86.Build.0 = Release|x86
		{5875C57A-F045-4F09-B45B-92AFB167E6EC}.AppStore|x86.Deploy.0 = Release|x86
		{5875C57A-F045-4F09-B45B-92AFB167E6EC}.Debug|Any CPU.ActiveCfg = Debug|x86
		{5875C57A-F045-4F09-B45B-92AFB167E6EC}.Debug|ARM.ActiveCfg = Debug|ARM
		{5875C57A-F045-4F09-B45B-92AFB167E6EC}.Debug|ARM.Build.0 = Debug|ARM
		{5875C57A-F045-4F09-B45B-92AFB167E6EC}.Debug|ARM.Deploy.0 = Debug|ARM
		{5875C57A-F045-4F09-B45B-92AFB167E6EC}.Debug|iPhone.ActiveCfg = Debug|x86
		{5875C57A-F045-4F09-B45B-92AFB167E6EC}.Debug|iPhoneSimulator.ActiveCfg = Debug|x86
		{5875C57A-F045-4F09-B45B-92AFB167E6EC}.Debug|x64.ActiveCfg = Debug|x64
		{5875C57A-F045-4F09-B45B-92AFB167E6EC}.Debug|x64.Build.0 = Debug|x64
		{5875C57A-F045-4F09-B45B-92AFB167E6EC}.Debug|x64.Deploy.0 = Debug|x64
		{5875C57A-F045-4F09-B45B-92AFB167E6EC}.Debug|x86.ActiveCfg = Debug|x86
		{5875C57A-F045-4F09-B45B-92AFB167E6EC}.Debug|x86.Build.0 = Debug|x86
		{5875C57A-F045-4F09-B45B-92AFB167E6EC}.Debug|x86.Deploy.0 = Debug|x86
		{5875C57A-F045-4F09-B45B-92AFB167E6EC}.Release|Any CPU.ActiveCfg = Release|x86
		{5875C57A-F045-4F09-B45B-92AFB167E6EC}.Release|ARM.ActiveCfg = Release|ARM
		{5875C57A-F045-4F09-B45B-92AFB167E6EC}.Release|ARM.Build.0 = Release|ARM
		{5875C57A-F045-4F09-B45B-92AFB167E6EC}.Release|ARM.Deploy.0 = Release|ARM
		{5875C57A-F045-4F09-B45B-92AFB167E6EC}.Release|iPhone.ActiveCfg = Release|x86
		{5875C57A-F045-4F09-B45B-92AFB167E6EC}.Release|iPhoneSimulator.ActiveCfg = Release|x86
		{5875C57A-F045-4F09-B45B-92AFB167E6EC}.Release|x64.ActiveCfg = Release|x64
		{5875C57A-F045-4F09-B45B-92AFB167E6EC}.Release|x64.Build.0 = Release|x64
		{5875C57A-F045-4F09-B45B-92AFB167E6EC}.Release|x64.Deploy.0 = Release|x64
		{5875C57A-F045-4F09-B45B-92AFB167E6EC}.Release|x86.ActiveCfg = Release|x86
		{5875C57A-F045-4F09-B45B-92AFB167E6EC}.Release|x86.Build.0 = Release|x86
		{5875C57A-F045-4F09-B45B-92AFB167E6EC}.Release|x86.Deploy.0 = Release|x86
		{45BFFCC2-09CA-4BA7-A667-6725C2CDE474}.Ad-Hoc|Any CPU.ActiveCfg = Ad-Hoc|iPhone
		{45BFFCC2-09CA-4BA7-A667-6725C2CDE474}.Ad-Hoc|ARM.ActiveCfg = Ad-Hoc|iPhone
		{45BFFCC2-09CA-4BA7-A667-6725C2CDE474}.Ad-Hoc|iPhone.ActiveCfg = Ad-Hoc|iPhone
		{45BFFCC2-09CA-4BA7-A667-6725C2CDE474}.Ad-Hoc|iPhone.Build.0 = Ad-Hoc|iPhone
		{45BFFCC2-09CA-4BA7-A667-6725C2CDE474}.Ad-Hoc|iPhoneSimulator.ActiveCfg = Ad-Hoc|iPhoneSimulator
		{45BFFCC2-09CA-4BA7-A667-6725C2CDE474}.Ad-Hoc|iPhoneSimulator.Build.0 = Ad-Hoc|iPhoneSimulator
		{45BFFCC2-09CA-4BA7-A667-6725C2CDE474}.Ad-Hoc|x64.ActiveCfg = Ad-Hoc|iPhone
		{45BFFCC2-09CA-4BA7-A667-6725C2CDE474}.Ad-Hoc|x86.ActiveCfg = Ad-Hoc|iPhone
		{45BFFCC2-09CA-4BA7-A667-6725C2CDE474}.AppStore|Any CPU.ActiveCfg = AppStore|iPhone
		{45BFFCC2-09CA-4BA7-A667-6725C2CDE474}.AppStore|ARM.ActiveCfg = AppStore|iPhone
		{45BFFCC2-09CA-4BA7-A667-6725C2CDE474}.AppStore|iPhone.ActiveCfg = AppStore|iPhone
		{45BFFCC2-09CA-4BA7-A667-6725C2CDE474}.AppStore|iPhone.Build.0 = AppStore|iPhone
		{45BFFCC2-09CA-4BA7-A667-6725C2CDE474}.AppStore|iPhoneSimulator.ActiveCfg = AppStore|iPhoneSimulator
		{45BFFCC2-09CA-4BA7-A667-6725C2CDE474}.AppStore|iPhoneSimulator.Build.0 = AppStore|iPhoneSimulator
		{45BFFCC2-09CA-4BA7-A667-6725C2CDE474}.AppStore|x64.ActiveCfg = AppStore|iPhone
		{45BFFCC2-09CA-4BA7-A667-6725C2CDE474}.AppStore|x86.ActiveCfg = AppStore|iPhone
		{45BFFCC2-09CA-4BA7-A667-6725C2CDE474}.Debug|Any CPU.ActiveCfg = Debug|iPhone
		{45BFFCC2-09CA-4BA7-A667-6725C2CDE474}.Debug|ARM.ActiveCfg = Debug|iPhone
		{45BFFCC2-09CA-4BA7-A667-6725C2CDE474}.Debug|iPhone.ActiveCfg = Debug|iPhone
		{45BFFCC2-09CA-4BA7-A667-6725C2CDE474}.Debug|iPhone.Build.0 = Debug|iPhone
		{45BFFCC2-09CA-4BA7-A667-6725C2CDE474}.Debug|iPhoneSimulator.ActiveCfg = Debug|iPhoneSimulator
		{45BFFCC2-09CA-4BA7-A667-6725C2CDE474}.Debug|iPhoneSimulator.Build.0 = Debug|iPhoneSimulator
		{45BFFCC2-09CA-4BA7-A667-6725C2CDE474}.Debug|x64.ActiveCfg = Debug|iPhone
		{45BFFCC2-09CA-4BA7-A667-6725C2CDE474}.Debug|x86.ActiveCfg = Debug|iPhone
		{45BFFCC2-09CA-4BA7-A667-6725C2CDE474}.Release|Any CPU.ActiveCfg = Release|iPhone
		{45BFFCC2-09CA-4BA7-A667-6725C2CDE474}.Release|ARM.ActiveCfg = Release|iPhone
		{45BFFCC2-09CA-4BA7-A667-6725C2CDE474}.Release|iPhone.ActiveCfg = Release|iPhone
		{45BFFCC2-09CA-4BA7-A667-6725C2CDE474}.Release|iPhone.Build.0 = Release|iPhone
		{45BFFCC2-09CA-4BA7-A667-6725C2CDE474}.Release|iPhoneSimulator.ActiveCfg = Release|iPhoneSimulator
		{45BFFCC2-09CA-4BA7-A667-6725C2CDE474}.Release|iPhoneSimulator.Build.0 = Release|iPhoneSimulator
		{45BFFCC2-09CA-4BA7-A667-6725C2CDE474}.Release|x64.ActiveCfg = Release|iPhone
		{45BFFCC2-09CA-4BA7-A667-6725C2CDE474}.Release|x86.ActiveCfg = Release|iPhone
	EndGlobalSection
	GlobalSection(SolutionProperties) = preSolution
		HideSolutionNode = FALSE
	EndGlobalSection
EndGlobal
